
Microsoft Visual Studio Solution File, Format Version 11.00
# Visual Basic Express 2010
Project("{F184B08F-C81C-45F6-A57F-5ABD9991F28F}") = "Train61VB2N3", "Train61VB2N3\Train61VB2N3.vbproj", "{046F28F9-17DC-46E8-BA06-61D9A38A0306}"
EndProject
Global
	GlobalSection(SolutionConfigurationPlatforms) = preSolution
		Debug|x86 = Debug|x86
		Release|x86 = Release|x86
	EndGlobalSection
	GlobalSection(ProjectConfigurationPlatforms) = postSolution
		{046F28F9-17DC-46E8-BA06-61D9A38A0306}.Debug|x86.ActiveCfg = Debug|x86
		{046F28F9-17DC-46E8-BA06-61D9A38A0306}.Debug|x86.Build.0 = Debug|x86
		{046F28F9-17DC-46E8-BA06-61D9A38A0306}.Release|x86.ActiveCfg = Release|x86
		{046F28F9-17DC-46E8-BA06-61D9A38A0306}.Release|x86.Build.0 = Release|x86
	EndGlobalSection
	GlobalSection(SolutionProperties) = preSolution
		HideSolutionNode = FALSE
	EndGlobalSection
EndGlobal
